// !$*UTF8*$!
{
	archiveVersion = 1;
	classes = {
	};
	objectVersion = 46;
	objects = {

/* Begin PBXBuildFile section */
		90C632611F6B02C0001CB7A4 /* main.m in Sources */ = {isa = PBXBuildFile; fileRef = 90C632601F6B02C0001CB7A4 /* main.m */; };
		90C632691F6B02D3001CB7A4 /* CoreMIDI.framework in Frameworks */ = {isa = PBXBuildFile; fileRef = 90C632681F6B02D3001CB7A4 /* CoreMIDI.framework */; };
		90C6326B1F6B02DC001CB7A4 /* CoreFoundation.framework in Frameworks */ = {isa = PBXBuildFile; fileRef = 90C6326A1F6B02DC001CB7A4 /* CoreFoundation.framework */; };
/* End PBXBuildFile section */

/* Begin PBXCopyFilesBuildPhase section */
		90C6325B1F6B02C0001CB7A4 /* CopyFiles */ = {
			isa = PBXCopyFilesBuildPhase;
			buildActionMask = 2147483647;
			dstPath = /usr/share/man/man1/;
			dstSubfolderSpec = 0;
			files = (
			);
			runOnlyForDeploymentPostprocessing = 1;
		};
/* End PBXCopyFilesBuildPhase section */

/* Begin PBXFileReference section */
		90C6325D1F6B02C0001CB7A4 /* XMidiSample1 */ = {isa = PBXFileReference; explicitFileType = "compiled.mach-o.executable"; includeInIndex = 0; path = XMidiSample1; sourceTree = BUILT_PRODUCTS_DIR; };
		90C632601F6B02C0001CB7A4 /* main.m */ = {isa = PBXFileReference; lastKnownFileType = sourcecode.c.objc; path = main.m; sourceTree = "<group>"; };
		90C632681F6B02D3001CB7A4 /* CoreMIDI.framework */ = {isa = PBXFileReference; lastKnownFileType = wrapper.framework; name = CoreMIDI.framework; path = System/Library/Frameworks/CoreMIDI.framework; sourceTree = SDKROOT; };
		90C6326A1F6B02DC001CB7A4 /* CoreFoundation.framework */ = {isa = PBXFileReference; lastKnownFileType = wrapper.framework; name = CoreFoundation.framework; path = System/Library/Frameworks/CoreFoundation.framework; sourceTree = SDKROOT; };
/* End PBXFileReference section */

/* Begin PBXFrameworksBuildPhase section */
		90C6325A1F6B02C0001CB7A4 /* Frameworks */ = {
			isa = PBXFrameworksBuildPhase;
			buildActionMask = 2147483647;
			files = (
				90C6326B1F6B02DC001CB7A4 /* CoreFoundation.framework in Frameworks */,
				90C632691F6B02D3001CB7A4 /* CoreMIDI.framework in Frameworks */,
			);
			runOnlyForDeploymentPostprocessing = 0;
		};
/* End PBXFrameworksBuildPhase section */

/* Begin PBXGroup section */
		90C632541F6B02C0001CB7A4 = {
			isa = PBXGroup;
			children = (
				90C6325F1F6B02C0001CB7A4 /* XMidiSample1 */,
				90C6325E1F6B02C0001CB7A4 /* Products */,
				90C632671F6B02D2001CB7A4 /* Frameworks */,
			);
			sourceTree = "<group>";
		};
		90C6325E1F6B02C0001CB7A4 /* Products */ = {
			isa = PBXGroup;
			children = (
				90C6325D1F6B02C0001CB7A4 /* XMidiSample1 */,
			);
			name = Products;
			sourceTree = "<group>";
		};
		90C6325F1F6B02C0001CB7A4 /* XMidiSample1 */ = {
			isa = PBXGroup;
			children = (
				90C632601F6B02C0001CB7A4 /* main.m */,
			);
			path = XMidiSample1;
			sourceTree = "<group>";
		};
		90C632671F6B02D2001CB7A4 /* Frameworks */ = {
			isa = PBXGroup;
			children = (
				90C6326A1F6B02DC001CB7A4 /* CoreFoundation.framework */,
				90C632681F6B02D3001CB7A4 /* CoreMIDI.framework */,
			);
			name = Frameworks;
			sourceTree = "<group>";
		};
/* End PBXGroup section */

/* Begin PBXNativeTarget section */
		90C6325C1F6B02C0001CB7A4 /* XMidiSample1 */ = {
			isa = PBXNativeTarget;
			buildConfigurationList = 90C632641F6B02C0001CB7A4 /* Build configuration list for PBXNativeTarget "XMidiSample1" */;
			buildPhases = (
				90C632591F6B02C0001CB7A4 /* Sources */,
				90C6325A1F6B02C0001CB7A4 /* Frameworks */,
				90C6325B1F6B02C0001CB7A4 /* CopyFiles */,
			);
			buildRules = (
			);
			dependencies = (
			);
			name = XMidiSample1;
			productName = XMidiSample1;
			productReference = 90C6325D1F6B02C0001CB7A4 /* XMidiSample1 */;
			productType = "com.apple.product-type.tool";
		};
/* End PBXNativeTarget section */

/* Begin PBXProject section */
		90C632551F6B02C0001CB7A4 /* Project object */ = {
			isa = PBXProject;
			attributes = {
				LastUpgradeCheck = 0830;
				ORGANIZATIONNAME = "Bradley Ross";
				TargetAttributes = {
					90C6325C1F6B02C0001CB7A4 = {
						CreatedOnToolsVersion = 8.3.3;
						ProvisioningStyle = Automatic;
					};
				};
			};
			buildConfigurationList = 90C632581F6B02C0001CB7A4 /* Build configuration list for PBXProject "XMidiSample1" */;
			compatibilityVersion = "Xcode 3.2";
			developmentRegion = English;
			hasScannedForEncodings = 0;
			knownRegions = (
				en,
			);
			mainGroup = 90C632541F6B02C0001CB7A4;
			productRefGroup = 90C6325E1F6B02C0001CB7A4 /* Products */;
			projectDirPath = "";
			projectRoot = "";
			targets = (
				90C6325C1F6B02C0001CB7A4 /* XMidiSample1 */,
			);
		};
/* End PBXProject section */

/* Begin PBXSourcesBuildPhase section */
		90C632591F6B02C0001CB7A4 /* Sources */ = {
			isa = PBXSourcesBuildPhase;
			buildActionMask = 2147483647;
			files = (
				90C632611F6B02C0001CB7A4 /* main.m in Sources */,
			);
			runOnlyForDeploymentPostprocessing = 0;
		};
/* End PBXSourcesBuildPhase section */

/* Begin XCBuildConfiguration section */
		90C632621F6B02C0001CB7A4 /* Debug */ = {
			isa = XCBuildConfiguration;
			buildSettings = {
				ALWAYS_SEARCH_USER_PATHS = NO;
				CLANG_ANALYZER_NONNULL = YES;
				CLANG_ANALYZER_NUMBER_OBJECT_CONVERSION = YES_AGGRESSIVE;
				CLANG_CXX_LANGUAGE_STANDARD = "gnu++0x";
				CLANG_CXX_LIBRARY = "libc++";
				CLANG_ENABLE_MODULES = YES;
				CLANG_ENABLE_OBJC_ARC = YES;
				CLANG_WARN_BOOL_CONVERSION = YES;
				CLANG_WARN_CONSTANT_CONVERSION = YES;
				CLANG_WARN_DIRECT_OBJC_ISA_USAGE = YES_ERROR;
				CLANG_WARN_DOCUMENTATION_COMMENTS = YES;
				CLANG_WARN_EMPTY_BODY = YES;
				CLANG_WARN_ENUM_CONVERSION = YES;
				CLANG_WARN_INFINITE_RECURSION = YES;
				CLANG_WARN_INT_CONVERSION = YES;
				CLANG_WARN_OBJC_ROOT_CLASS = YES_ERROR;
				CLANG_WARN_SUSPICIOUS_MOVE = YES;
				CLANG_WARN_UNREACHABLE_CODE = YES;
				CLANG_WARN__DUPLICATE_METHOD_MATCH = YES;
				CODE_SIGN_IDENTITY = "-";
				COPY_PHASE_STRIP = NO;
				DEBUG_INFORMATION_FORMAT = dwarf;
				ENABLE_STRICT_OBJC_MSGSEND = YES;
				ENABLE_TESTABILITY = YES;
				GCC_C_LANGUAGE_STANDARD = gnu99;
				GCC_DYNAMIC_NO_PIC = NO;
				GCC_NO_COMMON_BLOCKS = YES;
				GCC_OPTIMIZATION_LEVEL = 0;
				GCC_PREPROCESSOR_DEFINITIONS = (
					"DEBUG=1",
					"$(inherited)",
				);
				GCC_WARN_64_TO_32_BIT_CONVERSION = YES;
				GCC_WARN_ABOUT_RETURN_TYPE = YES_ERROR;
				GCC_WARN_UNDECLARED_SELECTOR = YES;
				GCC_WARN_UNINITIALIZED_AUTOS = YES_AGGRESSIVE;
				GCC_WARN_UNUSED_FUNCTION = YES;
				GCC_WARN_UNUSED_VARIABLE = YES;
				MACOSX_DEPLOYMENT_TARGET = 10.12;
				MTL_ENABLE_DEBUG_INFO = YES;
				ONLY_ACTIVE_ARCH = YES;
				SDKROOT = macosx;
			};
			name = Debug;
		};
		90C632631F6B02C0001CB7A4 /* Release */ = {
			isa = XCBuildConfiguration;
			buildSettings = {
				ALWAYS_SEARCH_USER_PATHS = NO;
				CLANG_ANALYZER_NONNULL = YES;
				CLANG_ANALYZER_NUMBER_OBJECT_CONVERSION = YES_AGGRESSIVE;
				CLANG_CXX_LANGUAGE_STANDARD = "gnu++0x";
				CLANG_CXX_LIBRARY = "libc++";
				CLANG_ENABLE_MODULES = YES;
				CLANG_ENABLE_OBJC_ARC = YES;
				CLANG_WARN_BOOL_CONVERSION = YES;
				CLANG_WARN_CONSTANT_CONVERSION = YES;
				CLANG_WARN_DIRECT_OBJC_ISA_USAGE = YES_ERROR;
				CLANG_WARN_DOCUMENTATION_COMMENTS = YES;
				CLANG_WARN_EMPTY_BODY = YES;
				CLANG_WARN_ENUM_CONVERSION = YES;
				CLANG_WARN_INFINITE_RECURSION = YES;
				CLANG_WARN_INT_CONVERSION = YES;
				CLANG_WARN_OBJC_ROOT_CLASS = YES_ERROR;
				CLANG_WARN_SUSPICIOUS_MOVE = YES;
				CLANG_WARN_UNREACHABLE_CODE = YES;
				CLANG_WARN__DUPLICATE_METHOD_MATCH = YES;
				CODE_SIGN_IDENTITY = "-";
				COPY_PHASE_STRIP = NO;
				DEBUG_INFORMATION_FORMAT = "dwarf-with-dsym";
				ENABLE_NS_ASSERTIONS = NO;
				ENABLE_STRICT_OBJC_MSGSEND = YES;
				GCC_C_LANGUAGE_STANDARD = gnu99;
				GCC_NO_COMMON_BLOCKS = YES;
				GCC_WARN_64_TO_32_BIT_CONVERSION = YES;
				GCC_WARN_ABOUT_RETURN_TYPE = YES_ERROR;
				GCC_WARN_UNDECLARED_SELECTOR = YES;
				GCC_WARN_UNINITIALIZED_AUTOS = YES_AGGRESSIVE;
				GCC_WARN_UNUSED_FUNCTION = YES;
				GCC_WARN_UNUSED_VARIABLE = YES;
				MACOSX_DEPLOYMENT_TARGET = 10.12;
				MTL_ENABLE_DEBUG_INFO = NO;
				SDKROOT = macosx;
			};
			name = Release;
		};
		90C632651F6B02C0001CB7A4 /* Debug */ = {
			isa = XCBuildConfiguration;
			buildSettings = {
				PRODUCT_NAME = "$(TARGET_NAME)";
			};
			name = Debug;
		};
		90C632661F6B02C0001CB7A4 /* Release */ = {
			isa = XCBuildConfiguration;
			buildSettings = {
				PRODUCT_NAME = "$(TARGET_NAME)";
			};
			name = Release;
		};
/* End XCBuildConfiguration section */

/* Begin XCConfigurationList section */
		90C632581F6B02C0001CB7A4 /* Build configuration list for PBXProject "XMidiSample1" */ = {
			isa = XCConfigurationList;
			buildConfigurations = (
				90C632621F6B02C0001CB7A4 /* Debug */,
				90C632631F6B02C0001CB7A4 /* Release */,
			);
			defaultConfigurationIsVisible = 0;
			defaultConfigurationName = Release;
		};
		90C632641F6B02C0001CB7A4 /* Build configuration list for PBXNativeTarget "XMidiSample1" */ = {
			isa = XCConfigurationList;
			buildConfigurations = (
				90C632651F6B02C0001CB7A4 /* Debug */,
				90C632661F6B02C0001CB7A4 /* Release */,
			);
			defaultConfigurationIsVisible = 0;
		};
/* End XCConfigurationList section */
	};
	rootObject = 90C632551F6B02C0001CB7A4 /* Project object */;
}
